// !$*UTF8*$!
{
	archiveVersion = 1;
	classes = {
	};
	objectVersion = 46;
	objects = {

/* Begin PBXBuildFile section */
		140057B91C7A922C00E8C850 /* AppDelegate.swift in Sources */ = {isa = PBXBuildFile; fileRef = 140057B81C7A922C00E8C850 /* AppDelegate.swift */; };
		140057BB1C7A922C00E8C850 /* One00DaysViewController.swift in Sources */ = {isa = PBXBuildFile; fileRef = 140057BA1C7A922C00E8C850 /* One00DaysViewController.swift */; };
		140057C01C7A922C00E8C850 /* Assets.xcassets in Resources */ = {isa = PBXBuildFile; fileRef = 140057BF1C7A922C00E8C850 /* Assets.xcassets */; };
		140057C31C7A922C00E8C850 /* LaunchScreen.storyboard in Resources */ = {isa = PBXBuildFile; fileRef = 140057C11C7A922C00E8C850 /* LaunchScreen.storyboard */; };
		1472377A1C7C1158000A2458 /* Day2ViewController.swift in Sources */ = {isa = PBXBuildFile; fileRef = 147237791C7C1158000A2458 /* Day2ViewController.swift */; };
		1472377C1C7D6452000A2458 /* Day3ViewController.swift in Sources */ = {isa = PBXBuildFile; fileRef = 1472377B1C7D6452000A2458 /* Day3ViewController.swift */; };
		148A964E1C8153EB00988EB8 /* Day6ViewController.swift in Sources */ = {isa = PBXBuildFile; fileRef = 148A964D1C8153EB00988EB8 /* Day6ViewController.swift */; };
		14C2B9AA1C7EA65E00FBEC81 /* Day4ViewController.swift in Sources */ = {isa = PBXBuildFile; fileRef = 14C2B9A91C7EA65E00FBEC81 /* Day4ViewController.swift */; };
		14EB51791C8006E000D31EF0 /* TappableCircleButton.swift in Sources */ = {isa = PBXBuildFile; fileRef = 14EB51781C8006E000D31EF0 /* TappableCircleButton.swift */; };
		14EB517B1C80071C00D31EF0 /* Day5ViewController.swift in Sources */ = {isa = PBXBuildFile; fileRef = 14EB517A1C80071C00D31EF0 /* Day5ViewController.swift */; };
		7B3E8D1D22499A9797A3D883 /* Pods_One00Days.framework in Frameworks */ = {isa = PBXBuildFile; fileRef = 8804278F7B6F9725A5925319 /* Pods_One00Days.framework */; };
/* End PBXBuildFile section */

/* Begin PBXFileReference section */
		140057B51C7A922C00E8C850 /* One00Days.app */ = {isa = PBXFileReference; explicitFileType = wrapper.application; includeInIndex = 0; path = One00Days.app; sourceTree = BUILT_PRODUCTS_DIR; };
		140057B81C7A922C00E8C850 /* AppDelegate.swift */ = {isa = PBXFileReference; lastKnownFileType = sourcecode.swift; path = AppDelegate.swift; sourceTree = "<group>"; };
		140057BA1C7A922C00E8C850 /* One00DaysViewController.swift */ = {isa = PBXFileReference; lastKnownFileType = sourcecode.swift; path = One00DaysViewController.swift; sourceTree = "<group>"; };
		140057BF1C7A922C00E8C850 /* Assets.xcassets */ = {isa = PBXFileReference; lastKnownFileType = folder.assetcatalog; path = Assets.xcassets; sourceTree = "<group>"; };
		140057C21C7A922C00E8C850 /* Base */ = {isa = PBXFileReference; lastKnownFileType = file.storyboard; name = Base; path = Base.lproj/LaunchScreen.storyboard; sourceTree = "<group>"; };
		140057C41C7A922C00E8C850 /* Info.plist */ = {isa = PBXFileReference; lastKnownFileType = text.plist.xml; path = Info.plist; sourceTree = "<group>"; };
		147237791C7C1158000A2458 /* Day2ViewController.swift */ = {isa = PBXFileReference; fileEncoding = 4; lastKnownFileType = sourcecode.swift; path = Day2ViewController.swift; sourceTree = "<group>"; };
		1472377B1C7D6452000A2458 /* Day3ViewController.swift */ = {isa = PBXFileReference; fileEncoding = 4; lastKnownFileType = sourcecode.swift; path = Day3ViewController.swift; sourceTree = "<group>"; };
		148A964D1C8153EB00988EB8 /* Day6ViewController.swift */ = {isa = PBXFileReference; fileEncoding = 4; lastKnownFileType = sourcecode.swift; path = Day6ViewController.swift; sourceTree = "<group>"; };
		14C2B9A91C7EA65E00FBEC81 /* Day4ViewController.swift */ = {isa = PBXFileReference; fileEncoding = 4; lastKnownFileType = sourcecode.swift; path = Day4ViewController.swift; sourceTree = "<group>"; };
		14EB51781C8006E000D31EF0 /* TappableCircleButton.swift */ = {isa = PBXFileReference; fileEncoding = 4; lastKnownFileType = sourcecode.swift; path = TappableCircleButton.swift; sourceTree = "<group>"; };
		14EB517A1C80071C00D31EF0 /* Day5ViewController.swift */ = {isa = PBXFileReference; fileEncoding = 4; lastKnownFileType = sourcecode.swift; path = Day5ViewController.swift; sourceTree = "<group>"; };
		8804278F7B6F9725A5925319 /* Pods_One00Days.framework */ = {isa = PBXFileReference; explicitFileType = wrapper.framework; includeInIndex = 0; path = Pods_One00Days.framework; sourceTree = BUILT_PRODUCTS_DIR; };
		BFF81FFC6BEE8E10D7005B44 /* Pods-One00Days.release.xcconfig */ = {isa = PBXFileReference; includeInIndex = 1; lastKnownFileType = text.xcconfig; name = "Pods-One00Days.release.xcconfig"; path = "Pods/Target Support Files/Pods-One00Days/Pods-One00Days.release.xcconfig"; sourceTree = "<group>"; };
		DF560FD2FB7C544CE95A1BBE /* Pods-One00Days.debug.xcconfig */ = {isa = PBXFileReference; includeInIndex = 1; lastKnownFileType = text.xcconfig; name = "Pods-One00Days.debug.xcconfig"; path = "Pods/Target Support Files/Pods-One00Days/Pods-One00Days.debug.xcconfig"; sourceTree = "<group>"; };
/* End PBXFileReference section */

/* Begin PBXFrameworksBuildPhase section */
		140057B21C7A922C00E8C850 /* Frameworks */ = {
			isa = PBXFrameworksBuildPhase;
			buildActionMask = 2147483647;
			files = (
				7B3E8D1D22499A9797A3D883 /* Pods_One00Days.framework in Frameworks */,
			);
			runOnlyForDeploymentPostprocessing = 0;
		};
/* End PBXFrameworksBuildPhase section */

/* Begin PBXGroup section */
		140057AC1C7A922C00E8C850 = {
			isa = PBXGroup;
			children = (
				140057B71C7A922C00E8C850 /* One00Days */,
				140057B61C7A922C00E8C850 /* Products */,
				EE40DAF305ED8667E49BE6FE /* Pods */,
				360F196AAA5B16431AE11BEB /* Frameworks */,
			);
			sourceTree = "<group>";
		};
		140057B61C7A922C00E8C850 /* Products */ = {
			isa = PBXGroup;
			children = (
				140057B51C7A922C00E8C850 /* One00Days.app */,
			);
			name = Products;
			sourceTree = "<group>";
		};
		140057B71C7A922C00E8C850 /* One00Days */ = {
			isa = PBXGroup;
			children = (
				147237781C7C10F7000A2458 /* Week 1 VCs */,
				140057CA1C7A924500E8C850 /* Supporting Files */,
			);
			path = One00Days;
			sourceTree = "<group>";
		};
		140057CA1C7A924500E8C850 /* Supporting Files */ = {
			isa = PBXGroup;
			children = (
				140057CF1C7A93A500E8C850 /* Pulled From Other Projects */,
				140057B81C7A922C00E8C850 /* AppDelegate.swift */,
				140057BF1C7A922C00E8C850 /* Assets.xcassets */,
				140057C11C7A922C00E8C850 /* LaunchScreen.storyboard */,
				140057C41C7A922C00E8C850 /* Info.plist */,
			);
			name = "Supporting Files";
			sourceTree = "<group>";
		};
		140057CF1C7A93A500E8C850 /* Pulled From Other Projects */ = {
			isa = PBXGroup;
			children = (
			);
			name = "Pulled From Other Projects";
			sourceTree = "<group>";
		};
		147237781C7C10F7000A2458 /* Week 1 VCs */ = {
			isa = PBXGroup;
			children = (
				148A964C1C8153BB00988EB8 /* Week 1 Other */,
				140057BA1C7A922C00E8C850 /* One00DaysViewController.swift */,
				147237791C7C1158000A2458 /* Day2ViewController.swift */,
				1472377B1C7D6452000A2458 /* Day3ViewController.swift */,
				14C2B9A91C7EA65E00FBEC81 /* Day4ViewController.swift */,
				14EB517A1C80071C00D31EF0 /* Day5ViewController.swift */,
				148A964D1C8153EB00988EB8 /* Day6ViewController.swift */,
			);
			name = "Week 1 VCs";
			sourceTree = "<group>";
		};
		148A964C1C8153BB00988EB8 /* Week 1 Other */ = {
			isa = PBXGroup;
			children = (
				14EB51781C8006E000D31EF0 /* TappableCircleButton.swift */,
			);
			name = "Week 1 Other";
			sourceTree = "<group>";
		};
		360F196AAA5B16431AE11BEB /* Frameworks */ = {
			isa = PBXGroup;
			children = (
				8804278F7B6F9725A5925319 /* Pods_One00Days.framework */,
			);
			name = Frameworks;
			sourceTree = "<group>";
		};
		EE40DAF305ED8667E49BE6FE /* Pods */ = {
			isa = PBXGroup;
			children = (
				DF560FD2FB7C544CE95A1BBE /* Pods-One00Days.debug.xcconfig */,
				BFF81FFC6BEE8E10D7005B44 /* Pods-One00Days.release.xcconfig */,
			);
			name = Pods;
			sourceTree = "<group>";
		};
/* End PBXGroup section */

/* Begin PBXNativeTarget section */
		140057B41C7A922C00E8C850 /* One00Days */ = {
			isa = PBXNativeTarget;
			buildConfigurationList = 140057C71C7A922C00E8C850 /* Build configuration list for PBXNativeTarget "One00Days" */;
			buildPhases = (
				33B98A2CDEA202786AF990B1 /* Check Pods Manifest.lock */,
				140057B11C7A922C00E8C850 /* Sources */,
				140057B21C7A922C00E8C850 /* Frameworks */,
				140057B31C7A922C00E8C850 /* Resources */,
				01EA3DA4221E4FBD44950982 /* Embed Pods Frameworks */,
				B54B4103C9B91FE0A76E3AC1 /* Copy Pods Resources */,
			);
			buildRules = (
			);
			dependencies = (
			);
			name = One00Days;
			productName = One00Days;
			productReference = 140057B51C7A922C00E8C850 /* One00Days.app */;
			productType = "com.apple.product-type.application";
		};
/* End PBXNativeTarget section */

/* Begin PBXProject section */
		140057AD1C7A922C00E8C850 /* Project object */ = {
			isa = PBXProject;
			attributes = {
				LastSwiftUpdateCheck = 0720;
				LastUpgradeCheck = 0720;
				ORGANIZATIONNAME = SRLabs;
				TargetAttributes = {
					140057B41C7A922C00E8C850 = {
						CreatedOnToolsVersion = 7.2.1;
					};
				};
			};
			buildConfigurationList = 140057B01C7A922C00E8C850 /* Build configuration list for PBXProject "One00Days" */;
			compatibilityVersion = "Xcode 3.2";
			developmentRegion = English;
			hasScannedForEncodings = 0;
			knownRegions = (
				en,
				Base,
			);
			mainGroup = 140057AC1C7A922C00E8C850;
			productRefGroup = 140057B61C7A922C00E8C850 /* Products */;
			projectDirPath = "";
			projectRoot = "";
			targets = (
				140057B41C7A922C00E8C850 /* One00Days */,
			);
		};
/* End PBXProject section */

/* Begin PBXResourcesBuildPhase section */
		140057B31C7A922C00E8C850 /* Resources */ = {
			isa = PBXResourcesBuildPhase;
			buildActionMask = 2147483647;
			files = (
				140057C31C7A922C00E8C850 /* LaunchScreen.storyboard in Resources */,
				140057C01C7A922C00E8C850 /* Assets.xcassets in Resources */,
			);
			runOnlyForDeploymentPostprocessing = 0;
		};
/* End PBXResourcesBuildPhase section */

/* Begin PBXShellScriptBuildPhase section */
		01EA3DA4221E4FBD44950982 /* Embed Pods Frameworks */ = {
			isa = PBXShellScriptBuildPhase;
			buildActionMask = 2147483647;
			files = (
			);
			inputPaths = (
			);
			name = "Embed Pods Frameworks";
			outputPaths = (
			);
			runOnlyForDeploymentPostprocessing = 0;
			shellPath = /bin/sh;
			shellScript = "\"${SRCROOT}/Pods/Target Support Files/Pods-One00Days/Pods-One00Days-frameworks.sh\"\n";
			showEnvVarsInLog = 0;
		};
		33B98A2CDEA202786AF990B1 /* Check Pods Manifest.lock */ = {
			isa = PBXShellScriptBuildPhase;
			buildActionMask = 2147483647;
			files = (
			);
			inputPaths = (
			);
			name = "Check Pods Manifest.lock";
			outputPaths = (
			);
			runOnlyForDeploymentPostprocessing = 0;
			shellPath = /bin/sh;
			shellScript = "diff \"${PODS_ROOT}/../Podfile.lock\" \"${PODS_ROOT}/Manifest.lock\" > /dev/null\nif [[ $? != 0 ]] ; then\n    cat << EOM\nerror: The sandbox is not in sync with the Podfile.lock. Run 'pod install' or update your CocoaPods installation.\nEOM\n    exit 1\nfi\n";
			showEnvVarsInLog = 0;
		};
		B54B4103C9B91FE0A76E3AC1 /* Copy Pods Resources */ = {
			isa = PBXShellScriptBuildPhase;
			buildActionMask = 2147483647;
			files = (
			);
			inputPaths = (
			);
			name = "Copy Pods Resources";
			outputPaths = (
			);
			runOnlyForDeploymentPostprocessing = 0;
			shellPath = /bin/sh;
			shellScript = "\"${SRCROOT}/Pods/Target Support Files/Pods-One00Days/Pods-One00Days-resources.sh\"\n";
			showEnvVarsInLog = 0;
		};
/* End PBXShellScriptBuildPhase section */

/* Begin PBXSourcesBuildPhase section */
		140057B11C7A922C00E8C850 /* Sources */ = {
			isa = PBXSourcesBuildPhase;
			buildActionMask = 2147483647;
			files = (
				1472377A1C7C1158000A2458 /* Day2ViewController.swift in Sources */,
				140057BB1C7A922C00E8C850 /* One00DaysViewController.swift in Sources */,
				14EB51791C8006E000D31EF0 /* TappableCircleButton.swift in Sources */,
				140057B91C7A922C00E8C850 /* AppDelegate.swift in Sources */,
				14EB517B1C80071C00D31EF0 /* Day5ViewController.swift in Sources */,
				14C2B9AA1C7EA65E00FBEC81 /* Day4ViewController.swift in Sources */,
				148A964E1C8153EB00988EB8 /* Day6ViewController.swift in Sources */,
				1472377C1C7D6452000A2458 /* Day3ViewController.swift in Sources */,
			);
			runOnlyForDeploymentPostprocessing = 0;
		};
/* End PBXSourcesBuildPhase section */

/* Begin PBXVariantGroup section */
		140057C11C7A922C00E8C850 /* LaunchScreen.storyboard */ = {
			isa = PBXVariantGroup;
			children = (
				140057C21C7A922C00E8C850 /* Base */,
			);
			name = LaunchScreen.storyboard;
			sourceTree = "<group>";
		};
/* End PBXVariantGroup section */

/* Begin XCBuildConfiguration section */
		140057C51C7A922C00E8C850 /* Debug */ = {
			isa = XCBuildConfiguration;
			buildSettings = {
				ALWAYS_SEARCH_USER_PATHS = NO;
				CLANG_CXX_LANGUAGE_STANDARD = "gnu++0x";
				CLANG_CXX_LIBRARY = "libc++";
				CLANG_ENABLE_MODULES = YES;
				CLANG_ENABLE_OBJC_ARC = YES;
				CLANG_WARN_BOOL_CONVERSION = YES;
				CLANG_WARN_CONSTANT_CONVERSION = YES;
				CLANG_WARN_DIRECT_OBJC_ISA_USAGE = YES_ERROR;
				CLANG_WARN_EMPTY_BODY = YES;
				CLANG_WARN_ENUM_CONVERSION = YES;
				CLANG_WARN_INT_CONVERSION = YES;
				CLANG_WARN_OBJC_ROOT_CLASS = YES_ERROR;
				CLANG_WARN_UNREACHABLE_CODE = YES;
				CLANG_WARN__DUPLICATE_METHOD_MATCH = YES;
				"CODE_SIGN_IDENTITY[sdk=iphoneos*]" = "iPhone Developer";
				COPY_PHASE_STRIP = NO;
				DEBUG_INFORMATION_FORMAT = dwarf;
				ENABLE_STRICT_OBJC_MSGSEND = YES;
				ENABLE_TESTABILITY = YES;
				GCC_C_LANGUAGE_STANDARD = gnu99;
				GCC_DYNAMIC_NO_PIC = NO;
				GCC_NO_COMMON_BLOCKS = YES;
				GCC_OPTIMIZATION_LEVEL = 0;
				GCC_PREPROCESSOR_DEFINITIONS = (
					"DEBUG=1",
					"$(inherited)",
				);
				GCC_WARN_64_TO_32_BIT_CONVERSION = YES;
				GCC_WARN_ABOUT_RETURN_TYPE = YES_ERROR;
				GCC_WARN_UNDECLARED_SELECTOR = YES;
				GCC_WARN_UNINITIALIZED_AUTOS = YES_AGGRESSIVE;
				GCC_WARN_UNUSED_FUNCTION = YES;
				GCC_WARN_UNUSED_VARIABLE = YES;
				IPHONEOS_DEPLOYMENT_TARGET = 9.2;
				MTL_ENABLE_DEBUG_INFO = YES;
				ONLY_ACTIVE_ARCH = YES;
				SDKROOT = iphoneos;
				SWIFT_OPTIMIZATION_LEVEL = "-Onone";
			};
			name = Debug;
		};
		140057C61C7A922C00E8C850 /* Release */ = {
			isa = XCBuildConfiguration;
			buildSettings = {
				ALWAYS_SEARCH_USER_PATHS = NO;
				CLANG_CXX_LANGUAGE_STANDARD = "gnu++0x";
				CLANG_CXX_LIBRARY = "libc++";
				CLANG_ENABLE_MODULES = YES;
				CLANG_ENABLE_OBJC_ARC = YES;
				CLANG_WARN_BOOL_CONVERSION = YES;
				CLANG_WARN_CONSTANT_CONVERSION = YES;
				CLANG_WARN_DIRECT_OBJC_ISA_USAGE = YES_ERROR;
				CLANG_WARN_EMPTY_BODY = YES;
				CLANG_WARN_ENUM_CONVERSION = YES;
				CLANG_WARN_INT_CONVERSION = YES;
				CLANG_WARN_OBJC_ROOT_CLASS = YES_ERROR;
				CLANG_WARN_UNREACHABLE_CODE = YES;
				CLANG_WARN__DUPLICATE_METHOD_MATCH = YES;
				"CODE_SIGN_IDENTITY[sdk=iphoneos*]" = "iPhone Developer";
				COPY_PHASE_STRIP = NO;
				DEBUG_INFORMATION_FORMAT = "dwarf-with-dsym";
				ENABLE_NS_ASSERTIONS = NO;
				ENABLE_STRICT_OBJC_MSGSEND = YES;
				GCC_C_LANGUAGE_STANDARD = gnu99;
				GCC_NO_COMMON_BLOCKS = YES;
				GCC_WARN_64_TO_32_BIT_CONVERSION = YES;
				GCC_WARN_ABOUT_RETURN_TYPE = YES_ERROR;
				GCC_WARN_UNDECLARED_SELECTOR = YES;
				GCC_WARN_UNINITIALIZED_AUTOS = YES_AGGRESSIVE;
				GCC_WARN_UNUSED_FUNCTION = YES;
				GCC_WARN_UNUSED_VARIABLE = YES;
				IPHONEOS_DEPLOYMENT_TARGET = 9.2;
				MTL_ENABLE_DEBUG_INFO = NO;
				SDKROOT = iphoneos;
				VALIDATE_PRODUCT = YES;
			};
			name = Release;
		};
		140057C81C7A922C00E8C850 /* Debug */ = {
			isa = XCBuildConfiguration;
			baseConfigurationReference = DF560FD2FB7C544CE95A1BBE /* Pods-One00Days.debug.xcconfig */;
			buildSettings = {
				ASSETCATALOG_COMPILER_APPICON_NAME = AppIcon;
				INFOPLIST_FILE = One00Days/Info.plist;
				LD_RUNPATH_SEARCH_PATHS = "$(inherited) @executable_path/Frameworks";
				PRODUCT_BUNDLE_IDENTIFIER = com.SRLabs.One00Days;
				PRODUCT_NAME = "$(TARGET_NAME)";
			};
			name = Debug;
		};
		140057C91C7A922C00E8C850 /* Release */ = {
			isa = XCBuildConfiguration;
			baseConfigurationReference = BFF81FFC6BEE8E10D7005B44 /* Pods-One00Days.release.xcconfig */;
			buildSettings = {
				ASSETCATALOG_COMPILER_APPICON_NAME = AppIcon;
				INFOPLIST_FILE = One00Days/Info.plist;
				LD_RUNPATH_SEARCH_PATHS = "$(inherited) @executable_path/Frameworks";
				PRODUCT_BUNDLE_IDENTIFIER = com.SRLabs.One00Days;
				PRODUCT_NAME = "$(TARGET_NAME)";
			};
			name = Release;
		};
/* End XCBuildConfiguration section */

/* Begin XCConfigurationList section */
		140057B01C7A922C00E8C850 /* Build configuration list for PBXProject "One00Days" */ = {
			isa = XCConfigurationList;
			buildConfigurations = (
				140057C51C7A922C00E8C850 /* Debug */,
				140057C61C7A922C00E8C850 /* Release */,
			);
			defaultConfigurationIsVisible = 0;
			defaultConfigurationName = Release;
		};
		140057C71C7A922C00E8C850 /* Build configuration list for PBXNativeTarget "One00Days" */ = {
			isa = XCConfigurationList;
			buildConfigurations = (
				140057C81C7A922C00E8C850 /* Debug */,
				140057C91C7A922C00E8C850 /* Release */,
			);
			defaultConfigurationIsVisible = 0;
			defaultConfigurationName = Release;
		};
/* End XCConfigurationList section */
	};
	rootObject = 140057AD1C7A922C00E8C850 /* Project object */;
}
