// !$*UTF8*$!
{
	archiveVersion = 1;
	classes = {
	};
	objectVersion = 46;
	objects = {

/* Begin PBXBuildFile section */
		1472FD6B1C87E8C0000DE5A1 /* AppDelegate.swift in Sources */ = {isa = PBXBuildFile; fileRef = 1472FD6A1C87E8C0000DE5A1 /* AppDelegate.swift */; };
		1472FD6D1C87E8C0000DE5A1 /* GameScene.sks in Resources */ = {isa = PBXBuildFile; fileRef = 1472FD6C1C87E8C0000DE5A1 /* GameScene.sks */; };
		1472FD6F1C87E8C0000DE5A1 /* GameScene.swift in Sources */ = {isa = PBXBuildFile; fileRef = 1472FD6E1C87E8C0000DE5A1 /* GameScene.swift */; };
		1472FD711C87E8C0000DE5A1 /* GameViewController.swift in Sources */ = {isa = PBXBuildFile; fileRef = 1472FD701C87E8C0000DE5A1 /* GameViewController.swift */; };
		1472FD741C87E8C0000DE5A1 /* Main.storyboard in Resources */ = {isa = PBXBuildFile; fileRef = 1472FD721C87E8C0000DE5A1 /* Main.storyboard */; };
		1472FD761C87E8C0000DE5A1 /* Assets.xcassets in Resources */ = {isa = PBXBuildFile; fileRef = 1472FD751C87E8C0000DE5A1 /* Assets.xcassets */; };
		1472FD791C87E8C0000DE5A1 /* LaunchScreen.storyboard in Resources */ = {isa = PBXBuildFile; fileRef = 1472FD771C87E8C0000DE5A1 /* LaunchScreen.storyboard */; };
		1472FD871C87EBE3000DE5A1 /* StarNode.swift in Sources */ = {isa = PBXBuildFile; fileRef = 1472FD861C87EBE3000DE5A1 /* StarNode.swift */; };
/* End PBXBuildFile section */

/* Begin PBXFileReference section */
		1472FD671C87E8C0000DE5A1 /* IntroSpriteKit.app */ = {isa = PBXFileReference; explicitFileType = wrapper.application; includeInIndex = 0; path = IntroSpriteKit.app; sourceTree = BUILT_PRODUCTS_DIR; };
		1472FD6A1C87E8C0000DE5A1 /* AppDelegate.swift */ = {isa = PBXFileReference; lastKnownFileType = sourcecode.swift; path = AppDelegate.swift; sourceTree = "<group>"; };
		1472FD6C1C87E8C0000DE5A1 /* GameScene.sks */ = {isa = PBXFileReference; lastKnownFileType = file.sks; path = GameScene.sks; sourceTree = "<group>"; };
		1472FD6E1C87E8C0000DE5A1 /* GameScene.swift */ = {isa = PBXFileReference; lastKnownFileType = sourcecode.swift; path = GameScene.swift; sourceTree = "<group>"; };
		1472FD701C87E8C0000DE5A1 /* GameViewController.swift */ = {isa = PBXFileReference; lastKnownFileType = sourcecode.swift; path = GameViewController.swift; sourceTree = "<group>"; };
		1472FD731C87E8C0000DE5A1 /* Base */ = {isa = PBXFileReference; lastKnownFileType = file.storyboard; name = Base; path = Base.lproj/Main.storyboard; sourceTree = "<group>"; };
		1472FD751C87E8C0000DE5A1 /* Assets.xcassets */ = {isa = PBXFileReference; lastKnownFileType = folder.assetcatalog; path = Assets.xcassets; sourceTree = "<group>"; };
		1472FD781C87E8C0000DE5A1 /* Base */ = {isa = PBXFileReference; lastKnownFileType = file.storyboard; name = Base; path = Base.lproj/LaunchScreen.storyboard; sourceTree = "<group>"; };
		1472FD7A1C87E8C0000DE5A1 /* Info.plist */ = {isa = PBXFileReference; lastKnownFileType = text.plist.xml; path = Info.plist; sourceTree = "<group>"; };
		1472FD861C87EBE3000DE5A1 /* StarNode.swift */ = {isa = PBXFileReference; fileEncoding = 4; lastKnownFileType = sourcecode.swift; path = StarNode.swift; sourceTree = "<group>"; };
/* End PBXFileReference section */

/* Begin PBXFrameworksBuildPhase section */
		1472FD641C87E8C0000DE5A1 /* Frameworks */ = {
			isa = PBXFrameworksBuildPhase;
			buildActionMask = 2147483647;
			files = (
			);
			runOnlyForDeploymentPostprocessing = 0;
		};
/* End PBXFrameworksBuildPhase section */

/* Begin PBXGroup section */
		1472FD5E1C87E8C0000DE5A1 = {
			isa = PBXGroup;
			children = (
				1472FD691C87E8C0000DE5A1 /* IntroSpriteKit */,
				1472FD681C87E8C0000DE5A1 /* Products */,
			);
			sourceTree = "<group>";
		};
		1472FD681C87E8C0000DE5A1 /* Products */ = {
			isa = PBXGroup;
			children = (
				1472FD671C87E8C0000DE5A1 /* IntroSpriteKit.app */,
			);
			name = Products;
			sourceTree = "<group>";
		};
		1472FD691C87E8C0000DE5A1 /* IntroSpriteKit */ = {
			isa = PBXGroup;
			children = (
				1472FD6A1C87E8C0000DE5A1 /* AppDelegate.swift */,
				1472FD6C1C87E8C0000DE5A1 /* GameScene.sks */,
				1472FD6E1C87E8C0000DE5A1 /* GameScene.swift */,
				1472FD701C87E8C0000DE5A1 /* GameViewController.swift */,
				1472FD721C87E8C0000DE5A1 /* Main.storyboard */,
				1472FD751C87E8C0000DE5A1 /* Assets.xcassets */,
				1472FD861C87EBE3000DE5A1 /* StarNode.swift */,
				1472FD771C87E8C0000DE5A1 /* LaunchScreen.storyboard */,
				1472FD7A1C87E8C0000DE5A1 /* Info.plist */,
			);
			path = IntroSpriteKit;
			sourceTree = "<group>";
		};
/* End PBXGroup section */

/* Begin PBXNativeTarget section */
		1472FD661C87E8C0000DE5A1 /* IntroSpriteKit */ = {
			isa = PBXNativeTarget;
			buildConfigurationList = 1472FD7D1C87E8C0000DE5A1 /* Build configuration list for PBXNativeTarget "IntroSpriteKit" */;
			buildPhases = (
				1472FD631C87E8C0000DE5A1 /* Sources */,
				1472FD641C87E8C0000DE5A1 /* Frameworks */,
				1472FD651C87E8C0000DE5A1 /* Resources */,
			);
			buildRules = (
			);
			dependencies = (
			);
			name = IntroSpriteKit;
			productName = IntroSpriteKit;
			productReference = 1472FD671C87E8C0000DE5A1 /* IntroSpriteKit.app */;
			productType = "com.apple.product-type.application";
		};
/* End PBXNativeTarget section */

/* Begin PBXProject section */
		1472FD5F1C87E8C0000DE5A1 /* Project object */ = {
			isa = PBXProject;
			attributes = {
				LastSwiftUpdateCheck = 0720;
				LastUpgradeCheck = 0720;
				ORGANIZATIONNAME = SRLabs;
				TargetAttributes = {
					1472FD661C87E8C0000DE5A1 = {
						CreatedOnToolsVersion = 7.2.1;
					};
				};
			};
			buildConfigurationList = 1472FD621C87E8C0000DE5A1 /* Build configuration list for PBXProject "IntroSpriteKit" */;
			compatibilityVersion = "Xcode 3.2";
			developmentRegion = English;
			hasScannedForEncodings = 0;
			knownRegions = (
				en,
				Base,
			);
			mainGroup = 1472FD5E1C87E8C0000DE5A1;
			productRefGroup = 1472FD681C87E8C0000DE5A1 /* Products */;
			projectDirPath = "";
			projectRoot = "";
			targets = (
				1472FD661C87E8C0000DE5A1 /* IntroSpriteKit */,
			);
		};
/* End PBXProject section */

/* Begin PBXResourcesBuildPhase section */
		1472FD651C87E8C0000DE5A1 /* Resources */ = {
			isa = PBXResourcesBuildPhase;
			buildActionMask = 2147483647;
			files = (
				1472FD6D1C87E8C0000DE5A1 /* GameScene.sks in Resources */,
				1472FD791C87E8C0000DE5A1 /* LaunchScreen.storyboard in Resources */,
				1472FD761C87E8C0000DE5A1 /* Assets.xcassets in Resources */,
				1472FD741C87E8C0000DE5A1 /* Main.storyboard in Resources */,
			);
			runOnlyForDeploymentPostprocessing = 0;
		};
/* End PBXResourcesBuildPhase section */

/* Begin PBXSourcesBuildPhase section */
		1472FD631C87E8C0000DE5A1 /* Sources */ = {
			isa = PBXSourcesBuildPhase;
			buildActionMask = 2147483647;
			files = (
				1472FD6F1C87E8C0000DE5A1 /* GameScene.swift in Sources */,
				1472FD871C87EBE3000DE5A1 /* StarNode.swift in Sources */,
				1472FD711C87E8C0000DE5A1 /* GameViewController.swift in Sources */,
				1472FD6B1C87E8C0000DE5A1 /* AppDelegate.swift in Sources */,
			);
			runOnlyForDeploymentPostprocessing = 0;
		};
/* End PBXSourcesBuildPhase section */

/* Begin PBXVariantGroup section */
		1472FD721C87E8C0000DE5A1 /* Main.storyboard */ = {
			isa = PBXVariantGroup;
			children = (
				1472FD731C87E8C0000DE5A1 /* Base */,
			);
			name = Main.storyboard;
			sourceTree = "<group>";
		};
		1472FD771C87E8C0000DE5A1 /* LaunchScreen.storyboard */ = {
			isa = PBXVariantGroup;
			children = (
				1472FD781C87E8C0000DE5A1 /* Base */,
			);
			name = LaunchScreen.storyboard;
			sourceTree = "<group>";
		};
/* End PBXVariantGroup section */

/* Begin XCBuildConfiguration section */
		1472FD7B1C87E8C0000DE5A1 /* Debug */ = {
			isa = XCBuildConfiguration;
			buildSettings = {
				ALWAYS_SEARCH_USER_PATHS = NO;
				CLANG_CXX_LANGUAGE_STANDARD = "gnu++0x";
				CLANG_CXX_LIBRARY = "libc++";
				CLANG_ENABLE_MODULES = YES;
				CLANG_ENABLE_OBJC_ARC = YES;
				CLANG_WARN_BOOL_CONVERSION = YES;
				CLANG_WARN_CONSTANT_CONVERSION = YES;
				CLANG_WARN_DIRECT_OBJC_ISA_USAGE = YES_ERROR;
				CLANG_WARN_EMPTY_BODY = YES;
				CLANG_WARN_ENUM_CONVERSION = YES;
				CLANG_WARN_INT_CONVERSION = YES;
				CLANG_WARN_OBJC_ROOT_CLASS = YES_ERROR;
				CLANG_WARN_UNREACHABLE_CODE = YES;
				CLANG_WARN__DUPLICATE_METHOD_MATCH = YES;
				"CODE_SIGN_IDENTITY[sdk=iphoneos*]" = "iPhone Developer";
				COPY_PHASE_STRIP = NO;
				DEBUG_INFORMATION_FORMAT = "dwarf-with-dsym";
				ENABLE_STRICT_OBJC_MSGSEND = YES;
				ENABLE_TESTABILITY = YES;
				GCC_C_LANGUAGE_STANDARD = gnu99;
				GCC_DYNAMIC_NO_PIC = NO;
				GCC_NO_COMMON_BLOCKS = YES;
				GCC_OPTIMIZATION_LEVEL = 0;
				GCC_PREPROCESSOR_DEFINITIONS = (
					"DEBUG=1",
					"$(inherited)",
				);
				GCC_WARN_64_TO_32_BIT_CONVERSION = YES;
				GCC_WARN_ABOUT_RETURN_TYPE = YES_ERROR;
				GCC_WARN_UNDECLARED_SELECTOR = YES;
				GCC_WARN_UNINITIALIZED_AUTOS = YES_AGGRESSIVE;
				GCC_WARN_UNUSED_FUNCTION = YES;
				GCC_WARN_UNUSED_VARIABLE = YES;
				IPHONEOS_DEPLOYMENT_TARGET = 9.2;
				MTL_ENABLE_DEBUG_INFO = YES;
				ONLY_ACTIVE_ARCH = YES;
				SDKROOT = iphoneos;
				SWIFT_OPTIMIZATION_LEVEL = "-Onone";
			};
			name = Debug;
		};
		1472FD7C1C87E8C0000DE5A1 /* Release */ = {
			isa = XCBuildConfiguration;
			buildSettings = {
				ALWAYS_SEARCH_USER_PATHS = NO;
				CLANG_CXX_LANGUAGE_STANDARD = "gnu++0x";
				CLANG_CXX_LIBRARY = "libc++";
				CLANG_ENABLE_MODULES = YES;
				CLANG_ENABLE_OBJC_ARC = YES;
				CLANG_WARN_BOOL_CONVERSION = YES;
				CLANG_WARN_CONSTANT_CONVERSION = YES;
				CLANG_WARN_DIRECT_OBJC_ISA_USAGE = YES_ERROR;
				CLANG_WARN_EMPTY_BODY = YES;
				CLANG_WARN_ENUM_CONVERSION = YES;
				CLANG_WARN_INT_CONVERSION = YES;
				CLANG_WARN_OBJC_ROOT_CLASS = YES_ERROR;
				CLANG_WARN_UNREACHABLE_CODE = YES;
				CLANG_WARN__DUPLICATE_METHOD_MATCH = YES;
				"CODE_SIGN_IDENTITY[sdk=iphoneos*]" = "iPhone Developer";
				COPY_PHASE_STRIP = NO;
				DEBUG_INFORMATION_FORMAT = "dwarf-with-dsym";
				ENABLE_NS_ASSERTIONS = NO;
				ENABLE_STRICT_OBJC_MSGSEND = YES;
				GCC_C_LANGUAGE_STANDARD = gnu99;
				GCC_NO_COMMON_BLOCKS = YES;
				GCC_WARN_64_TO_32_BIT_CONVERSION = YES;
				GCC_WARN_ABOUT_RETURN_TYPE = YES_ERROR;
				GCC_WARN_UNDECLARED_SELECTOR = YES;
				GCC_WARN_UNINITIALIZED_AUTOS = YES_AGGRESSIVE;
				GCC_WARN_UNUSED_FUNCTION = YES;
				GCC_WARN_UNUSED_VARIABLE = YES;
				IPHONEOS_DEPLOYMENT_TARGET = 9.2;
				MTL_ENABLE_DEBUG_INFO = NO;
				SDKROOT = iphoneos;
				VALIDATE_PRODUCT = YES;
			};
			name = Release;
		};
		1472FD7E1C87E8C0000DE5A1 /* Debug */ = {
			isa = XCBuildConfiguration;
			buildSettings = {
				ASSETCATALOG_COMPILER_APPICON_NAME = AppIcon;
				INFOPLIST_FILE = IntroSpriteKit/Info.plist;
				LD_RUNPATH_SEARCH_PATHS = "$(inherited) @executable_path/Frameworks";
				PRODUCT_BUNDLE_IDENTIFIER = com.SRLabs.IntroSpriteKit;
				PRODUCT_NAME = "$(TARGET_NAME)";
			};
			name = Debug;
		};
		1472FD7F1C87E8C0000DE5A1 /* Release */ = {
			isa = XCBuildConfiguration;
			buildSettings = {
				ASSETCATALOG_COMPILER_APPICON_NAME = AppIcon;
				INFOPLIST_FILE = IntroSpriteKit/Info.plist;
				LD_RUNPATH_SEARCH_PATHS = "$(inherited) @executable_path/Frameworks";
				PRODUCT_BUNDLE_IDENTIFIER = com.SRLabs.IntroSpriteKit;
				PRODUCT_NAME = "$(TARGET_NAME)";
			};
			name = Release;
		};
/* End XCBuildConfiguration section */

/* Begin XCConfigurationList section */
		1472FD621C87E8C0000DE5A1 /* Build configuration list for PBXProject "IntroSpriteKit" */ = {
			isa = XCConfigurationList;
			buildConfigurations = (
				1472FD7B1C87E8C0000DE5A1 /* Debug */,
				1472FD7C1C87E8C0000DE5A1 /* Release */,
			);
			defaultConfigurationIsVisible = 0;
			defaultConfigurationName = Release;
		};
		1472FD7D1C87E8C0000DE5A1 /* Build configuration list for PBXNativeTarget "IntroSpriteKit" */ = {
			isa = XCConfigurationList;
			buildConfigurations = (
				1472FD7E1C87E8C0000DE5A1 /* Debug */,
				1472FD7F1C87E8C0000DE5A1 /* Release */,
			);
			defaultConfigurationIsVisible = 0;
		};
/* End XCConfigurationList section */
	};
	rootObject = 1472FD5F1C87E8C0000DE5A1 /* Project object */;
}
